// !$*UTF8*$!
{
	archiveVersion = 1;
	classes = {
	};
	objectVersion = 77;
	objects = {

/* Begin PBXBuildFile section */
		181BDCFB2DF815770077FE92 /* RealmSwift in Embed Frameworks */ = {isa = PBXBuildFile; productRef = 18C9E7092D9169EF009612D1 /* RealmSwift */; settings = {ATTRIBUTES = (CodeSignOnCopy, ); }; };
		1895A8BD2DAF4F030042B6EC /* Lottie in Frameworks */ = {isa = PBXBuildFile; productRef = 1895A8BC2DAF4F030042B6EC /* Lottie */; };
		18A0EA092DBA2890007155A7 /* GoogleService-Info.plist in Resources */ = {isa = PBXBuildFile; fileRef = 18A0E9F22DBA2890007155A7 /* GoogleService-Info.plist */; };
		18C9AD512DB8CE01007111AA /* FirebaseCore in Frameworks */ = {isa = PBXBuildFile; productRef = 18C9AD502DB8CE01007111AA /* FirebaseCore */; };
		18C9AD532DB9EB72007111AA /* FirebaseFirestore in Frameworks */ = {isa = PBXBuildFile; productRef = 18C9AD522DB9EB72007111AA /* FirebaseFirestore */; };
		18C9AD552DBA0BDE007111AA /* FirebaseFirestore in Frameworks */ = {isa = PBXBuildFile; productRef = 18C9AD542DBA0BDE007111AA /* FirebaseFirestore */; };
		18C9E70A2D9169EF009612D1 /* RealmSwift in Frameworks */ = {isa = PBXBuildFile; productRef = 18C9E7092D9169EF009612D1 /* RealmSwift */; };
/* End PBXBuildFile section */

/* Begin PBXContainerItemProxy section */
		18048AE92D8D307B00FCD7F3 /* PBXContainerItemProxy */ = {
			isa = PBXContainerItemProxy;
			containerPortal = 18048ACA2D8D307900FCD7F3 /* Project object */;
			proxyType = 1;
			remoteGlobalIDString = 18048AD12D8D307900FCD7F3;
			remoteInfo = MatchEigo;
		};
		18048AF32D8D307B00FCD7F3 /* PBXContainerItemProxy */ = {
			isa = PBXContainerItemProxy;
			containerPortal = 18048ACA2D8D307900FCD7F3 /* Project object */;
			proxyType = 1;
			remoteGlobalIDString = 18048AD12D8D307900FCD7F3;
			remoteInfo = MatchEigo;
		};
/* End PBXContainerItemProxy section */

/* Begin PBXCopyFilesBuildPhase section */
		1869DDC02D912A7F00037A4B /* Embed Frameworks */ = {
			isa = PBXCopyFilesBuildPhase;
			buildActionMask = 2147483647;
			dstPath = "";
			dstSubfolderSpec = 10;
			files = (
				181BDCFB2DF815770077FE92 /* RealmSwift in Embed Frameworks */,
			);
			name = "Embed Frameworks";
			runOnlyForDeploymentPostprocessing = 0;
		};
/* End PBXCopyFilesBuildPhase section */

/* Begin PBXFileReference section */
		18048AD22D8D307900FCD7F3 /* MatchEigo.app */ = {isa = PBXFileReference; explicitFileType = wrapper.application; includeInIndex = 0; path = MatchEigo.app; sourceTree = BUILT_PRODUCTS_DIR; };
		18048AE82D8D307B00FCD7F3 /* MatchEigoTests.xctest */ = {isa = PBXFileReference; explicitFileType = wrapper.cfbundle; includeInIndex = 0; path = MatchEigoTests.xctest; sourceTree = BUILT_PRODUCTS_DIR; };
		18048AF22D8D307B00FCD7F3 /* MatchEigoUITests.xctest */ = {isa = PBXFileReference; explicitFileType = wrapper.cfbundle; includeInIndex = 0; path = MatchEigoUITests.xctest; sourceTree = BUILT_PRODUCTS_DIR; };
		18A0E9F22DBA2890007155A7 /* GoogleService-Info.plist */ = {isa = PBXFileReference; lastKnownFileType = text.plist.xml; path = "GoogleService-Info.plist"; sourceTree = "<group>"; };
/* End PBXFileReference section */

/* Begin PBXFileSystemSynchronizedBuildFileExceptionSet section */
		18048AFA2D8D307B00FCD7F3 /* Exceptions for "MatchEigo" folder in "MatchEigo" target */ = {
			isa = PBXFileSystemSynchronizedBuildFileExceptionSet;
			membershipExceptions = (
				"/Localized: LaunchScreen.storyboard",
				Info.plist,
			);
			target = 18048AD12D8D307900FCD7F3 /* MatchEigo */;
		};
/* End PBXFileSystemSynchronizedBuildFileExceptionSet section */

/* Begin PBXFileSystemSynchronizedRootGroup section */
		18048AD42D8D307900FCD7F3 /* MatchEigo */ = {
			isa = PBXFileSystemSynchronizedRootGroup;
			exceptions = (
				18048AFA2D8D307B00FCD7F3 /* Exceptions for "MatchEigo" folder in "MatchEigo" target */,
			);
			path = MatchEigo;
			sourceTree = "<group>";
		};
		18048AEB2D8D307B00FCD7F3 /* MatchEigoTests */ = {
			isa = PBXFileSystemSynchronizedRootGroup;
			path = MatchEigoTests;
			sourceTree = "<group>";
		};
		18048AF52D8D307B00FCD7F3 /* MatchEigoUITests */ = {
			isa = PBXFileSystemSynchronizedRootGroup;
			path = MatchEigoUITests;
			sourceTree = "<group>";
		};
/* End PBXFileSystemSynchronizedRootGroup section */

/* Begin PBXFrameworksBuildPhase section */
		18048ACF2D8D307900FCD7F3 /* Frameworks */ = {
			isa = PBXFrameworksBuildPhase;
			buildActionMask = 2147483647;
			files = (
				18C9E70A2D9169EF009612D1 /* RealmSwift in Frameworks */,
				18C9AD532DB9EB72007111AA /* FirebaseFirestore in Frameworks */,
				18C9AD512DB8CE01007111AA /* FirebaseCore in Frameworks */,
				18C9AD552DBA0BDE007111AA /* FirebaseFirestore in Frameworks */,
				1895A8BD2DAF4F030042B6EC /* Lottie in Frameworks */,
			);
			runOnlyForDeploymentPostprocessing = 0;
		};
		18048AE52D8D307B00FCD7F3 /* Frameworks */ = {
			isa = PBXFrameworksBuildPhase;
			buildActionMask = 2147483647;
			files = (
			);
			runOnlyForDeploymentPostprocessing = 0;
		};
		18048AEF2D8D307B00FCD7F3 /* Frameworks */ = {
			isa = PBXFrameworksBuildPhase;
			buildActionMask = 2147483647;
			files = (
			);
			runOnlyForDeploymentPostprocessing = 0;
		};
/* End PBXFrameworksBuildPhase section */

/* Begin PBXGroup section */
		18048AC92D8D307900FCD7F3 = {
			isa = PBXGroup;
			children = (
				18A0E9F22DBA2890007155A7 /* GoogleService-Info.plist */,
				18048AD42D8D307900FCD7F3 /* MatchEigo */,
				18048AEB2D8D307B00FCD7F3 /* MatchEigoTests */,
				18048AF52D8D307B00FCD7F3 /* MatchEigoUITests */,
				18C9AD4F2DB8CE01007111AA /* Frameworks */,
				18048AD32D8D307900FCD7F3 /* Products */,
			);
			sourceTree = "<group>";
		};
		18048AD32D8D307900FCD7F3 /* Products */ = {
			isa = PBXGroup;
			children = (
				18048AD22D8D307900FCD7F3 /* MatchEigo.app */,
				18048AE82D8D307B00FCD7F3 /* MatchEigoTests.xctest */,
				18048AF22D8D307B00FCD7F3 /* MatchEigoUITests.xctest */,
			);
			name = Products;
			sourceTree = "<group>";
		};
		18C9AD4F2DB8CE01007111AA /* Frameworks */ = {
			isa = PBXGroup;
			children = (
			);
			name = Frameworks;
			sourceTree = "<group>";
		};
/* End PBXGroup section */

/* Begin PBXNativeTarget section */
		18048AD12D8D307900FCD7F3 /* MatchEigo */ = {
			isa = PBXNativeTarget;
			buildConfigurationList = 18048AFB2D8D307B00FCD7F3 /* Build configuration list for PBXNativeTarget "MatchEigo" */;
			buildPhases = (
				18048ACE2D8D307900FCD7F3 /* Sources */,
				18048ACF2D8D307900FCD7F3 /* Frameworks */,
				18048AD02D8D307900FCD7F3 /* Resources */,
				1869DDC02D912A7F00037A4B /* Embed Frameworks */,
			);
			buildRules = (
			);
			dependencies = (
			);
			fileSystemSynchronizedGroups = (
				18048AD42D8D307900FCD7F3 /* MatchEigo */,
			);
			name = MatchEigo;
			productName = MatchEigo;
			productReference = 18048AD22D8D307900FCD7F3 /* MatchEigo.app */;
			productType = "com.apple.product-type.application";
		};
		18048AE72D8D307B00FCD7F3 /* MatchEigoTests */ = {
			isa = PBXNativeTarget;
			buildConfigurationList = 18048B002D8D307B00FCD7F3 /* Build configuration list for PBXNativeTarget "MatchEigoTests" */;
			buildPhases = (
				18048AE42D8D307B00FCD7F3 /* Sources */,
				18048AE52D8D307B00FCD7F3 /* Frameworks */,
				18048AE62D8D307B00FCD7F3 /* Resources */,
			);
			buildRules = (
			);
			dependencies = (
				18048AEA2D8D307B00FCD7F3 /* PBXTargetDependency */,
			);
			fileSystemSynchronizedGroups = (
				18048AEB2D8D307B00FCD7F3 /* MatchEigoTests */,
			);
			name = MatchEigoTests;
			productName = MatchEigoTests;
			productReference = 18048AE82D8D307B00FCD7F3 /* MatchEigoTests.xctest */;
			productType = "com.apple.product-type.bundle.unit-test";
		};
		18048AF12D8D307B00FCD7F3 /* MatchEigoUITests */ = {
			isa = PBXNativeTarget;
			buildConfigurationList = 18048B032D8D307B00FCD7F3 /* Build configuration list for PBXNativeTarget "MatchEigoUITests" */;
			buildPhases = (
				18048AEE2D8D307B00FCD7F3 /* Sources */,
				18048AEF2D8D307B00FCD7F3 /* Frameworks */,
				18048AF02D8D307B00FCD7F3 /* Resources */,
			);
			buildRules = (
			);
			dependencies = (
				18048AF42D8D307B00FCD7F3 /* PBXTargetDependency */,
			);
			fileSystemSynchronizedGroups = (
				18048AF52D8D307B00FCD7F3 /* MatchEigoUITests */,
			);
			name = MatchEigoUITests;
			productName = MatchEigoUITests;
			productReference = 18048AF22D8D307B00FCD7F3 /* MatchEigoUITests.xctest */;
			productType = "com.apple.product-type.bundle.ui-testing";
		};
/* End PBXNativeTarget section */

/* Begin PBXProject section */
		18048ACA2D8D307900FCD7F3 /* Project object */ = {
			isa = PBXProject;
			attributes = {
				BuildIndependentTargetsInParallel = 1;
				LastSwiftUpdateCheck = 1620;
				LastUpgradeCheck = 1620;
				TargetAttributes = {
					18048AD12D8D307900FCD7F3 = {
						CreatedOnToolsVersion = 16.2;
					};
					18048AE72D8D307B00FCD7F3 = {
						CreatedOnToolsVersion = 16.2;
						TestTargetID = 18048AD12D8D307900FCD7F3;
					};
					18048AF12D8D307B00FCD7F3 = {
						CreatedOnToolsVersion = 16.2;
						TestTargetID = 18048AD12D8D307900FCD7F3;
					};
				};
			};
			buildConfigurationList = 18048ACD2D8D307900FCD7F3 /* Build configuration list for PBXProject "MatchEigo" */;
			developmentRegion = en;
			hasScannedForEncodings = 0;
			knownRegions = (
				en,
				Base,
			);
			mainGroup = 18048AC92D8D307900FCD7F3;
			minimizedProjectReferenceProxies = 1;
			packageReferences = (
				18C9E7082D9169EF009612D1 /* XCRemoteSwiftPackageReference "realm-swift" */,
				1895A8BB2DAF4F030042B6EC /* XCRemoteSwiftPackageReference "lottie-spm" */,
				18C9AD4E2DB8CB76007111AA /* XCRemoteSwiftPackageReference "firebase-ios-sdk" */,
			);
			preferredProjectObjectVersion = 77;
			productRefGroup = 18048AD32D8D307900FCD7F3 /* Products */;
			projectDirPath = "";
			projectRoot = "";
			targets = (
				18048AD12D8D307900FCD7F3 /* MatchEigo */,
				18048AE72D8D307B00FCD7F3 /* MatchEigoTests */,
				18048AF12D8D307B00FCD7F3 /* MatchEigoUITests */,
			);
		};
/* End PBXProject section */

/* Begin PBXResourcesBuildPhase section */
		18048AD02D8D307900FCD7F3 /* Resources */ = {
			isa = PBXResourcesBuildPhase;
			buildActionMask = 2147483647;
			files = (
				18A0EA092DBA2890007155A7 /* GoogleService-Info.plist in Resources */,
			);
			runOnlyForDeploymentPostprocessing = 0;
		};
		18048AE62D8D307B00FCD7F3 /* Resources */ = {
			isa = PBXResourcesBuildPhase;
			buildActionMask = 2147483647;
			files = (
			);
			runOnlyForDeploymentPostprocessing = 0;
		};
		18048AF02D8D307B00FCD7F3 /* Resources */ = {
			isa = PBXResourcesBuildPhase;
			buildActionMask = 2147483647;
			files = (
			);
			runOnlyForDeploymentPostprocessing = 0;
		};
/* End PBXResourcesBuildPhase section */

/* Begin PBXSourcesBuildPhase section */
		18048ACE2D8D307900FCD7F3 /* Sources */ = {
			isa = PBXSourcesBuildPhase;
			buildActionMask = 2147483647;
			files = (
			);
			runOnlyForDeploymentPostprocessing = 0;
		};
		18048AE42D8D307B00FCD7F3 /* Sources */ = {
			isa = PBXSourcesBuildPhase;
			buildActionMask = 2147483647;
			files = (
			);
			runOnlyForDeploymentPostprocessing = 0;
		};
		18048AEE2D8D307B00FCD7F3 /* Sources */ = {
			isa = PBXSourcesBuildPhase;
			buildActionMask = 2147483647;
			files = (
			);
			runOnlyForDeploymentPostprocessing = 0;
		};
/* End PBXSourcesBuildPhase section */

/* Begin PBXTargetDependency section */
		18048AEA2D8D307B00FCD7F3 /* PBXTargetDependency */ = {
			isa = PBXTargetDependency;
			target = 18048AD12D8D307900FCD7F3 /* MatchEigo */;
			targetProxy = 18048AE92D8D307B00FCD7F3 /* PBXContainerItemProxy */;
		};
		18048AF42D8D307B00FCD7F3 /* PBXTargetDependency */ = {
			isa = PBXTargetDependency;
			target = 18048AD12D8D307900FCD7F3 /* MatchEigo */;
			targetProxy = 18048AF32D8D307B00FCD7F3 /* PBXContainerItemProxy */;
		};
/* End PBXTargetDependency section */

/* Begin XCBuildConfiguration section */
		18048AFC2D8D307B00FCD7F3 /* Debug */ = {
			isa = XCBuildConfiguration;
			buildSettings = {
				ASSETCATALOG_COMPILER_APPICON_NAME = AppIcon;
				ASSETCATALOG_COMPILER_GLOBAL_ACCENT_COLOR_NAME = AccentColor;
				CODE_SIGN_STYLE = Automatic;
				CURRENT_PROJECT_VERSION = 1;
				DEVELOPMENT_TEAM = TZXQJ3ZGL5;
				ENABLE_USER_SCRIPT_SANDBOXING = NO;
				FRAMEWORK_SEARCH_PATHS = "$(inherited)";
				"FRAMEWORK_SEARCH_PATHS[arch=*]" = "$(inherited)";
				GENERATE_INFOPLIST_FILE = YES;
				INFOPLIST_FILE = MatchEigo/Info.plist;
				INFOPLIST_KEY_UIApplicationSupportsIndirectInputEvents = YES;
				INFOPLIST_KEY_UILaunchStoryboardName = LaunchScreen;
				INFOPLIST_KEY_UIMainStoryboardFile = Main;
				INFOPLIST_KEY_UIRequiresFullScreen = YES;
				INFOPLIST_KEY_UIStatusBarStyle = UIStatusBarStyleLightContent;
				INFOPLIST_KEY_UISupportedInterfaceOrientations = UIInterfaceOrientationPortrait;
				LD_RUNPATH_SEARCH_PATHS = (
					"$(inherited)",
					"@executable_path/Frameworks",
				);
				LIBRARY_SEARCH_PATHS = "$(inherited)";
				MARKETING_VERSION = 1.0;
				OTHER_LDFLAGS = "$(inherited)";
				PRODUCT_BUNDLE_IDENTIFIER = com.deedee.MatchEigo;
				PRODUCT_NAME = "$(TARGET_NAME)";
				SWIFT_EMIT_LOC_STRINGS = YES;
				SWIFT_VERSION = 5.0;
				TARGETED_DEVICE_FAMILY = "1,2";
			};
			name = Debug;
		};
		18048AFD2D8D307B00FCD7F3 /* Release */ = {
			isa = XCBuildConfiguration;
			buildSettings = {
				ASSETCATALOG_COMPILER_APPICON_NAME = AppIcon;
				ASSETCATALOG_COMPILER_GLOBAL_ACCENT_COLOR_NAME = AccentColor;
				"CODE_SIGN_IDENTITY[sdk=iphoneos*]" = "iPhone Distribution";
				CODE_SIGN_STYLE = Manual;
				CURRENT_PROJECT_VERSION = 1;
				DEVELOPMENT_TEAM = "";
				"DEVELOPMENT_TEAM[sdk=iphoneos*]" = TZXQJ3ZGL5;
				ENABLE_USER_SCRIPT_SANDBOXING = NO;
				FRAMEWORK_SEARCH_PATHS = "$(inherited)";
				"FRAMEWORK_SEARCH_PATHS[arch=*]" = "$(inherited)";
				GENERATE_INFOPLIST_FILE = YES;
				INFOPLIST_FILE = MatchEigo/Info.plist;
				INFOPLIST_KEY_UIApplicationSupportsIndirectInputEvents = YES;
				INFOPLIST_KEY_UILaunchStoryboardName = LaunchScreen;
				INFOPLIST_KEY_UIMainStoryboardFile = Main;
				INFOPLIST_KEY_UIRequiresFullScreen = YES;
				INFOPLIST_KEY_UIStatusBarStyle = UIStatusBarStyleLightContent;
				INFOPLIST_KEY_UISupportedInterfaceOrientations = UIInterfaceOrientationPortrait;
				LD_RUNPATH_SEARCH_PATHS = (
					"$(inherited)",
					"@executable_path/Frameworks",
				);
				LIBRARY_SEARCH_PATHS = "$(inherited)";
				MARKETING_VERSION = 1.0;
				OTHER_LDFLAGS = "$(inherited)";
				PRODUCT_BUNDLE_IDENTIFIER = com.deedee.MatchEigo;
				PRODUCT_NAME = "$(TARGET_NAME)";
				PROVISIONING_PROFILE_SPECIFIER = "";
				"PROVISIONING_PROFILE_SPECIFIER[sdk=iphoneos*]" = deedee;
				SWIFT_EMIT_LOC_STRINGS = YES;
				SWIFT_VERSION = 5.0;
				TARGETED_DEVICE_FAMILY = "1,2";
			};
			name = Release;
		};
		18048AFE2D8D307B00FCD7F3 /* Debug */ = {
			isa = XCBuildConfiguration;
			buildSettings = {
				ALWAYS_SEARCH_USER_PATHS = NO;
				ASSETCATALOG_COMPILER_GENERATE_SWIFT_ASSET_SYMBOL_EXTENSIONS = YES;
				CLANG_ANALYZER_NONNULL = YES;
				CLANG_ANALYZER_NUMBER_OBJECT_CONVERSION = YES_AGGRESSIVE;
				CLANG_CXX_LANGUAGE_STANDARD = "gnu++20";
				CLANG_ENABLE_MODULES = YES;
				CLANG_ENABLE_OBJC_ARC = YES;
				CLANG_ENABLE_OBJC_WEAK = YES;
				CLANG_WARN_BLOCK_CAPTURE_AUTORELEASING = YES;
				CLANG_WARN_BOOL_CONVERSION = YES;
				CLANG_WARN_COMMA = YES;
				CLANG_WARN_CONSTANT_CONVERSION = YES;
				CLANG_WARN_DEPRECATED_OBJC_IMPLEMENTATIONS = YES;
				CLANG_WARN_DIRECT_OBJC_ISA_USAGE = YES_ERROR;
				CLANG_WARN_DOCUMENTATION_COMMENTS = YES;
				CLANG_WARN_EMPTY_BODY = YES;
				CLANG_WARN_ENUM_CONVERSION = YES;
				CLANG_WARN_INFINITE_RECURSION = YES;
				CLANG_WARN_INT_CONVERSION = YES;
				CLANG_WARN_NON_LITERAL_NULL_CONVERSION = YES;
				CLANG_WARN_OBJC_IMPLICIT_RETAIN_SELF = YES;
				CLANG_WARN_OBJC_LITERAL_CONVERSION = YES;
				CLANG_WARN_OBJC_ROOT_CLASS = YES_ERROR;
				CLANG_WARN_QUOTED_INCLUDE_IN_FRAMEWORK_HEADER = YES;
				CLANG_WARN_RANGE_LOOP_ANALYSIS = YES;
				CLANG_WARN_STRICT_PROTOTYPES = YES;
				CLANG_WARN_SUSPICIOUS_MOVE = YES;
				CLANG_WARN_UNGUARDED_AVAILABILITY = YES_AGGRESSIVE;
				CLANG_WARN_UNREACHABLE_CODE = YES;
				CLANG_WARN__DUPLICATE_METHOD_MATCH = YES;
				COPY_PHASE_STRIP = NO;
				DEBUG_INFORMATION_FORMAT = dwarf;
				ENABLE_STRICT_OBJC_MSGSEND = YES;
				ENABLE_TESTABILITY = YES;
				ENABLE_USER_SCRIPT_SANDBOXING = YES;
				GCC_C_LANGUAGE_STANDARD = gnu17;
				GCC_DYNAMIC_NO_PIC = NO;
				GCC_NO_COMMON_BLOCKS = YES;
				GCC_OPTIMIZATION_LEVEL = 0;
				GCC_PREPROCESSOR_DEFINITIONS = (
					"DEBUG=1",
					"$(inherited)",
				);
				GCC_WARN_64_TO_32_BIT_CONVERSION = YES;
				GCC_WARN_ABOUT_RETURN_TYPE = YES_ERROR;
				GCC_WARN_UNDECLARED_SELECTOR = YES;
				GCC_WARN_UNINITIALIZED_AUTOS = YES_AGGRESSIVE;
				GCC_WARN_UNUSED_FUNCTION = YES;
				GCC_WARN_UNUSED_VARIABLE = YES;
				IPHONEOS_DEPLOYMENT_TARGET = 18.0;
				LOCALIZATION_PREFERS_STRING_CATALOGS = YES;
				MTL_ENABLE_DEBUG_INFO = INCLUDE_SOURCE;
				MTL_FAST_MATH = YES;
				ONLY_ACTIVE_ARCH = YES;
				SDKROOT = iphoneos;
				SWIFT_ACTIVE_COMPILATION_CONDITIONS = "DEBUG $(inherited)";
				SWIFT_OPTIMIZATION_LEVEL = "-Onone";
			};
			name = Debug;
		};
		18048AFF2D8D307B00FCD7F3 /* Release */ = {
			isa = XCBuildConfiguration;
			buildSettings = {
				ALWAYS_SEARCH_USER_PATHS = NO;
				ASSETCATALOG_COMPILER_GENERATE_SWIFT_ASSET_SYMBOL_EXTENSIONS = YES;
				CLANG_ANALYZER_NONNULL = YES;
				CLANG_ANALYZER_NUMBER_OBJECT_CONVERSION = YES_AGGRESSIVE;
				CLANG_CXX_LANGUAGE_STANDARD = "gnu++20";
				CLANG_ENABLE_MODULES = YES;
				CLANG_ENABLE_OBJC_ARC = YES;
				CLANG_ENABLE_OBJC_WEAK = YES;
				CLANG_WARN_BLOCK_CAPTURE_AUTORELEASING = YES;
				CLANG_WARN_BOOL_CONVERSION = YES;
				CLANG_WARN_COMMA = YES;
				CLANG_WARN_CONSTANT_CONVERSION = YES;
				CLANG_WARN_DEPRECATED_OBJC_IMPLEMENTATIONS = YES;
				CLANG_WARN_DIRECT_OBJC_ISA_USAGE = YES_ERROR;
				CLANG_WARN_DOCUMENTATION_COMMENTS = YES;
				CLANG_WARN_EMPTY_BODY = YES;
				CLANG_WARN_ENUM_CONVERSION = YES;
				CLANG_WARN_INFINITE_RECURSION = YES;
				CLANG_WARN_INT_CONVERSION = YES;
				CLANG_WARN_NON_LITERAL_NULL_CONVERSION = YES;
				CLANG_WARN_OBJC_IMPLICIT_RETAIN_SELF = YES;
				CLANG_WARN_OBJC_LITERAL_CONVERSION = YES;
				CLANG_WARN_OBJC_ROOT_CLASS = YES_ERROR;
				CLANG_WARN_QUOTED_INCLUDE_IN_FRAMEWORK_HEADER = YES;
				CLANG_WARN_RANGE_LOOP_ANALYSIS = YES;
				CLANG_WARN_STRICT_PROTOTYPES = YES;
				CLANG_WARN_SUSPICIOUS_MOVE = YES;
				CLANG_WARN_UNGUARDED_AVAILABILITY = YES_AGGRESSIVE;
				CLANG_WARN_UNREACHABLE_CODE = YES;
				CLANG_WARN__DUPLICATE_METHOD_MATCH = YES;
				COPY_PHASE_STRIP = NO;
				DEBUG_INFORMATION_FORMAT = "dwarf-with-dsym";
				ENABLE_NS_ASSERTIONS = NO;
				ENABLE_STRICT_OBJC_MSGSEND = YES;
				ENABLE_USER_SCRIPT_SANDBOXING = YES;
				GCC_C_LANGUAGE_STANDARD = gnu17;
				GCC_NO_COMMON_BLOCKS = YES;
				GCC_WARN_64_TO_32_BIT_CONVERSION = YES;
				GCC_WARN_ABOUT_RETURN_TYPE = YES_ERROR;
				GCC_WARN_UNDECLARED_SELECTOR = YES;
				GCC_WARN_UNINITIALIZED_AUTOS = YES_AGGRESSIVE;
				GCC_WARN_UNUSED_FUNCTION = YES;
				GCC_WARN_UNUSED_VARIABLE = YES;
				IPHONEOS_DEPLOYMENT_TARGET = 18.0;
				LOCALIZATION_PREFERS_STRING_CATALOGS = YES;
				MTL_ENABLE_DEBUG_INFO = NO;
				MTL_FAST_MATH = YES;
				SDKROOT = iphoneos;
				SWIFT_COMPILATION_MODE = wholemodule;
				VALIDATE_PRODUCT = YES;
			};
			name = Release;
		};
		18048B012D8D307B00FCD7F3 /* Debug */ = {
			isa = XCBuildConfiguration;
			buildSettings = {
				BUNDLE_LOADER = "$(TEST_HOST)";
				CODE_SIGN_STYLE = Automatic;
				CURRENT_PROJECT_VERSION = 1;
				DEVELOPMENT_TEAM = TZXQJ3ZGL5;
				GENERATE_INFOPLIST_FILE = YES;
				IPHONEOS_DEPLOYMENT_TARGET = 18.2;
				MARKETING_VERSION = 1.0;
				PRODUCT_BUNDLE_IDENTIFIER = com.deedee.MatchEigoTests;
				PRODUCT_NAME = "$(TARGET_NAME)";
				SWIFT_EMIT_LOC_STRINGS = NO;
				SWIFT_VERSION = 5.0;
				TARGETED_DEVICE_FAMILY = "1,2";
				TEST_HOST = "$(BUILT_PRODUCTS_DIR)/MatchEigo.app/$(BUNDLE_EXECUTABLE_FOLDER_PATH)/MatchEigo";
			};
			name = Debug;
		};
		18048B022D8D307B00FCD7F3 /* Release */ = {
			isa = XCBuildConfiguration;
			buildSettings = {
				BUNDLE_LOADER = "$(TEST_HOST)";
				CODE_SIGN_STYLE = Automatic;
				CURRENT_PROJECT_VERSION = 1;
				DEVELOPMENT_TEAM = TZXQJ3ZGL5;
				GENERATE_INFOPLIST_FILE = YES;
				IPHONEOS_DEPLOYMENT_TARGET = 18.2;
				MARKETING_VERSION = 1.0;
				PRODUCT_BUNDLE_IDENTIFIER = com.deedee.MatchEigoTests;
				PRODUCT_NAME = "$(TARGET_NAME)";
				SWIFT_EMIT_LOC_STRINGS = NO;
				SWIFT_VERSION = 5.0;
				TARGETED_DEVICE_FAMILY = "1,2";
				TEST_HOST = "$(BUILT_PRODUCTS_DIR)/MatchEigo.app/$(BUNDLE_EXECUTABLE_FOLDER_PATH)/MatchEigo";
			};
			name = Release;
		};
		18048B042D8D307B00FCD7F3 /* Debug */ = {
			isa = XCBuildConfiguration;
			buildSettings = {
				CODE_SIGN_STYLE = Automatic;
				CURRENT_PROJECT_VERSION = 1;
				DEVELOPMENT_TEAM = TZXQJ3ZGL5;
				GENERATE_INFOPLIST_FILE = YES;
				MARKETING_VERSION = 1.0;
				PRODUCT_BUNDLE_IDENTIFIER = com.deedee.MatchEigoUITests;
				PRODUCT_NAME = "$(TARGET_NAME)";
				SWIFT_EMIT_LOC_STRINGS = NO;
				SWIFT_VERSION = 5.0;
				TARGETED_DEVICE_FAMILY = "1,2";
				TEST_TARGET_NAME = MatchEigo;
			};
			name = Debug;
		};
		18048B052D8D307B00FCD7F3 /* Release */ = {
			isa = XCBuildConfiguration;
			buildSettings = {
				CODE_SIGN_STYLE = Automatic;
				CURRENT_PROJECT_VERSION = 1;
				DEVELOPMENT_TEAM = TZXQJ3ZGL5;
				GENERATE_INFOPLIST_FILE = YES;
				MARKETING_VERSION = 1.0;
				PRODUCT_BUNDLE_IDENTIFIER = com.deedee.MatchEigoUITests;
				PRODUCT_NAME = "$(TARGET_NAME)";
				SWIFT_EMIT_LOC_STRINGS = NO;
				SWIFT_VERSION = 5.0;
				TARGETED_DEVICE_FAMILY = "1,2";
				TEST_TARGET_NAME = MatchEigo;
			};
			name = Release;
		};
/* End XCBuildConfiguration section */

/* Begin XCConfigurationList section */
		18048ACD2D8D307900FCD7F3 /* Build configuration list for PBXProject "MatchEigo" */ = {
			isa = XCConfigurationList;
			buildConfigurations = (
				18048AFE2D8D307B00FCD7F3 /* Debug */,
				18048AFF2D8D307B00FCD7F3 /* Release */,
			);
			defaultConfigurationIsVisible = 0;
			defaultConfigurationName = Release;
		};
		18048AFB2D8D307B00FCD7F3 /* Build configuration list for PBXNativeTarget "MatchEigo" */ = {
			isa = XCConfigurationList;
			buildConfigurations = (
				18048AFC2D8D307B00FCD7F3 /* Debug */,
				18048AFD2D8D307B00FCD7F3 /* Release */,
			);
			defaultConfigurationIsVisible = 0;
			defaultConfigurationName = Release;
		};
		18048B002D8D307B00FCD7F3 /* Build configuration list for PBXNativeTarget "MatchEigoTests" */ = {
			isa = XCConfigurationList;
			buildConfigurations = (
				18048B012D8D307B00FCD7F3 /* Debug */,
				18048B022D8D307B00FCD7F3 /* Release */,
			);
			defaultConfigurationIsVisible = 0;
			defaultConfigurationName = Release;
		};
		18048B032D8D307B00FCD7F3 /* Build configuration list for PBXNativeTarget "MatchEigoUITests" */ = {
			isa = XCConfigurationList;
			buildConfigurations = (
				18048B042D8D307B00FCD7F3 /* Debug */,
				18048B052D8D307B00FCD7F3 /* Release */,
			);
			defaultConfigurationIsVisible = 0;
			defaultConfigurationName = Release;
		};
/* End XCConfigurationList section */

/* Begin XCRemoteSwiftPackageReference section */
		1895A8BB2DAF4F030042B6EC /* XCRemoteSwiftPackageReference "lottie-spm" */ = {
			isa = XCRemoteSwiftPackageReference;
			repositoryURL = "https://github.com/airbnb/lottie-spm";
			requirement = {
				kind = upToNextMajorVersion;
				minimumVersion = 4.5.1;
			};
		};
		18C9AD4E2DB8CB76007111AA /* XCRemoteSwiftPackageReference "firebase-ios-sdk" */ = {
			isa = XCRemoteSwiftPackageReference;
			repositoryURL = "https://github.com/firebase/firebase-ios-sdk";
			requirement = {
				kind = upToNextMajorVersion;
				minimumVersion = 11.12.0;
			};
		};
		18C9E7082D9169EF009612D1 /* XCRemoteSwiftPackageReference "realm-swift" */ = {
			isa = XCRemoteSwiftPackageReference;
			repositoryURL = "https://github.com/realm/realm-swift.git";
			requirement = {
				kind = exactVersion;
				version = 10.54.3;
			};
		};
/* End XCRemoteSwiftPackageReference section */

/* Begin XCSwiftPackageProductDependency section */
		1895A8BC2DAF4F030042B6EC /* Lottie */ = {
			isa = XCSwiftPackageProductDependency;
			package = 1895A8BB2DAF4F030042B6EC /* XCRemoteSwiftPackageReference "lottie-spm" */;
			productName = Lottie;
		};
		18C9AD502DB8CE01007111AA /* FirebaseCore */ = {
			isa = XCSwiftPackageProductDependency;
			package = 18C9AD4E2DB8CB76007111AA /* XCRemoteSwiftPackageReference "firebase-ios-sdk" */;
			productName = FirebaseCore;
		};
		18C9AD522DB9EB72007111AA /* FirebaseFirestore */ = {
			isa = XCSwiftPackageProductDependency;
			package = 18C9AD4E2DB8CB76007111AA /* XCRemoteSwiftPackageReference "firebase-ios-sdk" */;
			productName = FirebaseFirestore;
		};
		18C9AD542DBA0BDE007111AA /* FirebaseFirestore */ = {
			isa = XCSwiftPackageProductDependency;
			package = 18C9AD4E2DB8CB76007111AA /* XCRemoteSwiftPackageReference "firebase-ios-sdk" */;
			productName = FirebaseFirestore;
		};
		18C9E7092D9169EF009612D1 /* RealmSwift */ = {
			isa = XCSwiftPackageProductDependency;
			package = 18C9E7082D9169EF009612D1 /* XCRemoteSwiftPackageReference "realm-swift" */;
			productName = RealmSwift;
		};
/* End XCSwiftPackageProductDependency section */
	};
	rootObject = 18048ACA2D8D307900FCD7F3 /* Project object */;
}
